// !$*UTF8*$!
{
	archiveVersion = 1;
	classes = {
	};
	objectVersion = 51;
	objects = {

/* Begin PBXBuildFile section */
		581738E97B82BE9ACF70B408 /* Pods_VKMessenger.framework in Frameworks */ = {isa = PBXBuildFile; fileRef = 325BC3B7BB998E0201BB798D /* Pods_VKMessenger.framework */; };
		84492377241A6127000BE4DF /* User.xcdatamodeld in Sources */ = {isa = PBXBuildFile; fileRef = 84492375241A6127000BE4DF /* User.xcdatamodeld */; };
		844F95CA241937B500C146D2 /* FavoritesFriendsViewModel.swift in Sources */ = {isa = PBXBuildFile; fileRef = 844F95C9241937B500C146D2 /* FavoritesFriendsViewModel.swift */; };
		844F95CC2419394400C146D2 /* FriendProfileViewModel.swift in Sources */ = {isa = PBXBuildFile; fileRef = 844F95CB2419394400C146D2 /* FriendProfileViewModel.swift */; };
		84573BD8243627BA00A786CA /* R.generated.swift in Sources */ = {isa = PBXBuildFile; fileRef = 84573BD7243627B900A786CA /* R.generated.swift */; };
		8465AF2723E16161006D4B63 /* RootViewController.swift in Sources */ = {isa = PBXBuildFile; fileRef = 8465AF2623E16161006D4B63 /* RootViewController.swift */; };
		8465AF2A23E16235006D4B63 /* VKSDKService.swift in Sources */ = {isa = PBXBuildFile; fileRef = 8465AF2923E16235006D4B63 /* VKSDKService.swift */; };
		8465AF2C23E17876006D4B63 /* UserModel.swift in Sources */ = {isa = PBXBuildFile; fileRef = 8465AF2B23E17876006D4B63 /* UserModel.swift */; };
		8465AF2E23E178CD006D4B63 /* ProfileViewModel.swift in Sources */ = {isa = PBXBuildFile; fileRef = 8465AF2D23E178CD006D4B63 /* ProfileViewModel.swift */; };
		8465AF3023E17EE9006D4B63 /* FriendViewModel.swift in Sources */ = {isa = PBXBuildFile; fileRef = 8465AF2F23E17EE9006D4B63 /* FriendViewModel.swift */; };
		8465AF3223E1A2E3006D4B63 /* FriendTableViewCell.swift in Sources */ = {isa = PBXBuildFile; fileRef = 8465AF3123E1A2E3006D4B63 /* FriendTableViewCell.swift */; };
		84883896241156D500F4B128 /* FavoritesFriendsViewController.swift in Sources */ = {isa = PBXBuildFile; fileRef = 84883895241156D500F4B128 /* FavoritesFriendsViewController.swift */; };
		84883898241158F300F4B128 /* FavoritesTableViewCell.swift in Sources */ = {isa = PBXBuildFile; fileRef = 84883897241158F300F4B128 /* FavoritesTableViewCell.swift */; };
		848BC54924094C7B00A318D2 /* NetworkServiceForUser.swift in Sources */ = {isa = PBXBuildFile; fileRef = 848BC54824094C7B00A318D2 /* NetworkServiceForUser.swift */; };
		848D9C10240D1C3D0089C3A1 /* FriendProfileViewController.swift in Sources */ = {isa = PBXBuildFile; fileRef = 848D9C0F240D1C3D0089C3A1 /* FriendProfileViewController.swift */; };
		8490F80123F2F188008B6CC4 /* .gitignore in Resources */ = {isa = PBXBuildFile; fileRef = 8490F80023F2F188008B6CC4 /* .gitignore */; };
		8490F80323F30BFF008B6CC4 /* VKDelegate.swift in Sources */ = {isa = PBXBuildFile; fileRef = 8490F80223F30BFF008B6CC4 /* VKDelegate.swift */; };
		84ED76AC23992F180034C588 /* AppDelegate.swift in Sources */ = {isa = PBXBuildFile; fileRef = 84ED76AB23992F180034C588 /* AppDelegate.swift */; };
		84ED76B023992F180034C588 /* LoginViewController.swift in Sources */ = {isa = PBXBuildFile; fileRef = 84ED76AF23992F180034C588 /* LoginViewController.swift */; };
		84ED76B323992F180034C588 /* Main.storyboard in Resources */ = {isa = PBXBuildFile; fileRef = 84ED76B123992F180034C588 /* Main.storyboard */; };
		84ED76B523992F190034C588 /* Assets.xcassets in Resources */ = {isa = PBXBuildFile; fileRef = 84ED76B423992F190034C588 /* Assets.xcassets */; };
		84ED76B823992F190034C588 /* LaunchScreen.storyboard in Resources */ = {isa = PBXBuildFile; fileRef = 84ED76B623992F190034C588 /* LaunchScreen.storyboard */; };
		84ED76C7239957A50034C588 /* FriendsViewController.swift in Sources */ = {isa = PBXBuildFile; fileRef = 84ED76C6239957A50034C588 /* FriendsViewController.swift */; };
		84ED76C9239957BB0034C588 /* ProfileViewController.swift in Sources */ = {isa = PBXBuildFile; fileRef = 84ED76C8239957BB0034C588 /* ProfileViewController.swift */; };
		84F1FA772421167B004B1759 /* User+CoreDataProperties.swift in Sources */ = {isa = PBXBuildFile; fileRef = 84F1FA762421167B004B1759 /* User+CoreDataProperties.swift */; };
		84F1FA782421167B004B1759 /* User+CoreDataClass.swift in Sources */ = {isa = PBXBuildFile; fileRef = 84F1FA752421167B004B1759 /* User+CoreDataClass.swift */; };
/* End PBXBuildFile section */

/* Begin PBXFileReference section */
		325BC3B7BB998E0201BB798D /* Pods_VKMessenger.framework */ = {isa = PBXFileReference; explicitFileType = wrapper.framework; includeInIndex = 0; path = Pods_VKMessenger.framework; sourceTree = BUILT_PRODUCTS_DIR; };
		766196FF4A5BBEE91C3A0B90 /* Pods-VKMessenger.debug.xcconfig */ = {isa = PBXFileReference; includeInIndex = 1; lastKnownFileType = text.xcconfig; name = "Pods-VKMessenger.debug.xcconfig"; path = "Target Support Files/Pods-VKMessenger/Pods-VKMessenger.debug.xcconfig"; sourceTree = "<group>"; };
		84492376241A6127000BE4DF /* User.xcdatamodel */ = {isa = PBXFileReference; lastKnownFileType = wrapper.xcdatamodel; path = User.xcdatamodel; sourceTree = "<group>"; };
		844F95C9241937B500C146D2 /* FavoritesFriendsViewModel.swift */ = {isa = PBXFileReference; lastKnownFileType = sourcecode.swift; path = FavoritesFriendsViewModel.swift; sourceTree = "<group>"; };
		844F95CB2419394400C146D2 /* FriendProfileViewModel.swift */ = {isa = PBXFileReference; lastKnownFileType = sourcecode.swift; path = FriendProfileViewModel.swift; sourceTree = "<group>"; };
		84573BD7243627B900A786CA /* R.generated.swift */ = {isa = PBXFileReference; fileEncoding = 4; lastKnownFileType = sourcecode.swift; path = R.generated.swift; sourceTree = SOURCE_ROOT; };
		8465AF2623E16161006D4B63 /* RootViewController.swift */ = {isa = PBXFileReference; lastKnownFileType = sourcecode.swift; path = RootViewController.swift; sourceTree = "<group>"; };
		8465AF2923E16235006D4B63 /* VKSDKService.swift */ = {isa = PBXFileReference; lastKnownFileType = sourcecode.swift; path = VKSDKService.swift; sourceTree = "<group>"; };
		8465AF2B23E17876006D4B63 /* UserModel.swift */ = {isa = PBXFileReference; lastKnownFileType = sourcecode.swift; path = UserModel.swift; sourceTree = "<group>"; };
		8465AF2D23E178CD006D4B63 /* ProfileViewModel.swift */ = {isa = PBXFileReference; lastKnownFileType = sourcecode.swift; path = ProfileViewModel.swift; sourceTree = "<group>"; };
		8465AF2F23E17EE9006D4B63 /* FriendViewModel.swift */ = {isa = PBXFileReference; lastKnownFileType = sourcecode.swift; path = FriendViewModel.swift; sourceTree = "<group>"; };
		8465AF3123E1A2E3006D4B63 /* FriendTableViewCell.swift */ = {isa = PBXFileReference; lastKnownFileType = sourcecode.swift; path = FriendTableViewCell.swift; sourceTree = "<group>"; };
		84883895241156D500F4B128 /* FavoritesFriendsViewController.swift */ = {isa = PBXFileReference; lastKnownFileType = sourcecode.swift; path = FavoritesFriendsViewController.swift; sourceTree = "<group>"; };
		84883897241158F300F4B128 /* FavoritesTableViewCell.swift */ = {isa = PBXFileReference; lastKnownFileType = sourcecode.swift; path = FavoritesTableViewCell.swift; sourceTree = "<group>"; };
		848BC54824094C7B00A318D2 /* NetworkServiceForUser.swift */ = {isa = PBXFileReference; lastKnownFileType = sourcecode.swift; path = NetworkServiceForUser.swift; sourceTree = "<group>"; };
		848D9C0F240D1C3D0089C3A1 /* FriendProfileViewController.swift */ = {isa = PBXFileReference; lastKnownFileType = sourcecode.swift; path = FriendProfileViewController.swift; sourceTree = "<group>"; };
		8490F80023F2F188008B6CC4 /* .gitignore */ = {isa = PBXFileReference; lastKnownFileType = text; path = .gitignore; sourceTree = "<group>"; };
		8490F80223F30BFF008B6CC4 /* VKDelegate.swift */ = {isa = PBXFileReference; lastKnownFileType = sourcecode.swift; path = VKDelegate.swift; sourceTree = "<group>"; };
		84ED76A823992F180034C588 /* VKMessenger.app */ = {isa = PBXFileReference; explicitFileType = wrapper.application; includeInIndex = 0; path = VKMessenger.app; sourceTree = BUILT_PRODUCTS_DIR; };
		84ED76AB23992F180034C588 /* AppDelegate.swift */ = {isa = PBXFileReference; lastKnownFileType = sourcecode.swift; path = AppDelegate.swift; sourceTree = "<group>"; };
		84ED76AF23992F180034C588 /* LoginViewController.swift */ = {isa = PBXFileReference; lastKnownFileType = sourcecode.swift; path = LoginViewController.swift; sourceTree = "<group>"; };
		84ED76B223992F180034C588 /* Base */ = {isa = PBXFileReference; lastKnownFileType = file.storyboard; name = Base; path = Base.lproj/Main.storyboard; sourceTree = "<group>"; };
		84ED76B423992F190034C588 /* Assets.xcassets */ = {isa = PBXFileReference; lastKnownFileType = folder.assetcatalog; path = Assets.xcassets; sourceTree = "<group>"; };
		84ED76B723992F190034C588 /* Base */ = {isa = PBXFileReference; lastKnownFileType = file.storyboard; name = Base; path = Base.lproj/LaunchScreen.storyboard; sourceTree = "<group>"; };
		84ED76B923992F190034C588 /* Info.plist */ = {isa = PBXFileReference; lastKnownFileType = text.plist.xml; path = Info.plist; sourceTree = "<group>"; };
		84ED76C6239957A50034C588 /* FriendsViewController.swift */ = {isa = PBXFileReference; lastKnownFileType = sourcecode.swift; path = FriendsViewController.swift; sourceTree = "<group>"; };
		84ED76C8239957BB0034C588 /* ProfileViewController.swift */ = {isa = PBXFileReference; lastKnownFileType = sourcecode.swift; path = ProfileViewController.swift; sourceTree = "<group>"; };
		84F1FA752421167B004B1759 /* User+CoreDataClass.swift */ = {isa = PBXFileReference; lastKnownFileType = sourcecode.swift; path = "User+CoreDataClass.swift"; sourceTree = "<group>"; };
		84F1FA762421167B004B1759 /* User+CoreDataProperties.swift */ = {isa = PBXFileReference; lastKnownFileType = sourcecode.swift; path = "User+CoreDataProperties.swift"; sourceTree = "<group>"; };
		B4690FA0B73F5136900591F5 /* Pods-VKMessenger.release.xcconfig */ = {isa = PBXFileReference; includeInIndex = 1; lastKnownFileType = text.xcconfig; name = "Pods-VKMessenger.release.xcconfig"; path = "Target Support Files/Pods-VKMessenger/Pods-VKMessenger.release.xcconfig"; sourceTree = "<group>"; };
/* End PBXFileReference section */

/* Begin PBXFrameworksBuildPhase section */
		84ED76A523992F180034C588 /* Frameworks */ = {
			isa = PBXFrameworksBuildPhase;
			buildActionMask = 2147483647;
			files = (
				581738E97B82BE9ACF70B408 /* Pods_VKMessenger.framework in Frameworks */,
			);
			runOnlyForDeploymentPostprocessing = 0;
		};
/* End PBXFrameworksBuildPhase section */

/* Begin PBXGroup section */
		4234D4CC7EC1037F939F55AC /* Frameworks */ = {
			isa = PBXGroup;
			children = (
				325BC3B7BB998E0201BB798D /* Pods_VKMessenger.framework */,
			);
			name = Frameworks;
			sourceTree = "<group>";
		};
		7E5DE8552B4D4E0315E882DE /* Pods */ = {
			isa = PBXGroup;
			children = (
				766196FF4A5BBEE91C3A0B90 /* Pods-VKMessenger.debug.xcconfig */,
				B4690FA0B73F5136900591F5 /* Pods-VKMessenger.release.xcconfig */,
			);
			path = Pods;
			sourceTree = "<group>";
		};
		8465AF2523E16130006D4B63 /* Start Screen */ = {
			isa = PBXGroup;
			children = (
				8465AF2923E16235006D4B63 /* VKSDKService.swift */,
				8490F80223F30BFF008B6CC4 /* VKDelegate.swift */,
				8465AF2623E16161006D4B63 /* RootViewController.swift */,
			);
			path = "Start Screen";
			sourceTree = "<group>";
		};
		84883894241156B000F4B128 /* Favorites Friends */ = {
			isa = PBXGroup;
			children = (
				84883895241156D500F4B128 /* FavoritesFriendsViewController.swift */,
				844F95C9241937B500C146D2 /* FavoritesFriendsViewModel.swift */,
				84883897241158F300F4B128 /* FavoritesTableViewCell.swift */,
			);
			path = "Favorites Friends";
			sourceTree = "<group>";
		};
		848D9C0E240D1BB80089C3A1 /* ProfileFriend */ = {
			isa = PBXGroup;
			children = (
				848D9C0F240D1C3D0089C3A1 /* FriendProfileViewController.swift */,
				844F95CB2419394400C146D2 /* FriendProfileViewModel.swift */,
			);
			path = ProfileFriend;
			sourceTree = "<group>";
		};
		8490F7FF23F2F12C008B6CC4 /* Git */ = {
			isa = PBXGroup;
			children = (
				8490F80023F2F188008B6CC4 /* .gitignore */,
			);
			path = Git;
			sourceTree = "<group>";
		};
		84A3EB512407E9DA00057ADB /* Network */ = {
			isa = PBXGroup;
			children = (
				848BC54824094C7B00A318D2 /* NetworkServiceForUser.swift */,
			);
			path = Network;
			sourceTree = "<group>";
		};
		84ED769F23992F180034C588 = {
			isa = PBXGroup;
			children = (
				84ED76AA23992F180034C588 /* VKMessenger */,
				84ED76A923992F180034C588 /* Products */,
				8490F7FF23F2F12C008B6CC4 /* Git */,
				7E5DE8552B4D4E0315E882DE /* Pods */,
				4234D4CC7EC1037F939F55AC /* Frameworks */,
			);
			sourceTree = "<group>";
		};
		84ED76A923992F180034C588 /* Products */ = {
			isa = PBXGroup;
			children = (
				84ED76A823992F180034C588 /* VKMessenger.app */,
			);
			name = Products;
			sourceTree = "<group>";
		};
		84ED76AA23992F180034C588 /* VKMessenger */ = {
			isa = PBXGroup;
			children = (
				84F1FA752421167B004B1759 /* User+CoreDataClass.swift */,
				84F1FA762421167B004B1759 /* User+CoreDataProperties.swift */,
				84ED76C1239956CD0034C588 /* Screens */,
				84ED76AB23992F180034C588 /* AppDelegate.swift */,
				84573BD7243627B900A786CA /* R.generated.swift */,
				84ED76B123992F180034C588 /* Main.storyboard */,
				84ED76B423992F190034C588 /* Assets.xcassets */,
				84ED76B623992F190034C588 /* LaunchScreen.storyboard */,
				84492375241A6127000BE4DF /* User.xcdatamodeld */,
				84ED76B923992F190034C588 /* Info.plist */,
			);
			path = VKMessenger;
			sourceTree = "<group>";
		};
		84ED76C1239956CD0034C588 /* Screens */ = {
			isa = PBXGroup;
			children = (
				84883894241156B000F4B128 /* Favorites Friends */,
				84A3EB512407E9DA00057ADB /* Network */,
				8465AF2523E16130006D4B63 /* Start Screen */,
				84ED76C5239957350034C588 /* Profile */,
				848D9C0E240D1BB80089C3A1 /* ProfileFriend */,
				84ED76C4239957210034C588 /* Friends */,
				84ED76C2239956DD0034C588 /* Login */,
			);
			path = Screens;
			sourceTree = "<group>";
		};
		84ED76C2239956DD0034C588 /* Login */ = {
			isa = PBXGroup;
			children = (
				84ED76AF23992F180034C588 /* LoginViewController.swift */,
			);
			path = Login;
			sourceTree = "<group>";
		};
		84ED76C4239957210034C588 /* Friends */ = {
			isa = PBXGroup;
			children = (
				84ED76C6239957A50034C588 /* FriendsViewController.swift */,
				8465AF2F23E17EE9006D4B63 /* FriendViewModel.swift */,
				8465AF3123E1A2E3006D4B63 /* FriendTableViewCell.swift */,
			);
			path = Friends;
			sourceTree = "<group>";
		};
		84ED76C5239957350034C588 /* Profile */ = {
			isa = PBXGroup;
			children = (
				84ED76C8239957BB0034C588 /* ProfileViewController.swift */,
				8465AF2B23E17876006D4B63 /* UserModel.swift */,
				8465AF2D23E178CD006D4B63 /* ProfileViewModel.swift */,
			);
			path = Profile;
			sourceTree = "<group>";
		};
/* End PBXGroup section */

/* Begin PBXNativeTarget section */
		84ED76A723992F180034C588 /* VKMessenger */ = {
			isa = PBXNativeTarget;
			buildConfigurationList = 84ED76BC23992F190034C588 /* Build configuration list for PBXNativeTarget "VKMessenger" */;
			buildPhases = (
				18453F19B075F310A6D0E7BE /* [CP] Check Pods Manifest.lock */,
				84573BD6243626BB00A786CA /* ShellScript */,
				84ED76A423992F180034C588 /* Sources */,
				84ED76A523992F180034C588 /* Frameworks */,
				84ED76A623992F180034C588 /* Resources */,
				ECCB8F8D53A05C63BE07E730 /* [CP] Embed Pods Frameworks */,
			);
			buildRules = (
			);
			dependencies = (
			);
			name = VKMessenger;
			productName = VKMessenger;
			productReference = 84ED76A823992F180034C588 /* VKMessenger.app */;
			productType = "com.apple.product-type.application";
		};
/* End PBXNativeTarget section */

/* Begin PBXProject section */
		84ED76A023992F180034C588 /* Project object */ = {
			isa = PBXProject;
			attributes = {
				LastSwiftUpdateCheck = 1120;
				LastUpgradeCheck = 1120;
				ORGANIZATIONNAME = Admin;
				TargetAttributes = {
					84ED76A723992F180034C588 = {
						CreatedOnToolsVersion = 11.2.1;
					};
				};
			};
			buildConfigurationList = 84ED76A323992F180034C588 /* Build configuration list for PBXProject "VKMessenger" */;
			compatibilityVersion = "Xcode 9.3";
			developmentRegion = en;
			hasScannedForEncodings = 0;
			knownRegions = (
				en,
				Base,
			);
			mainGroup = 84ED769F23992F180034C588;
			productRefGroup = 84ED76A923992F180034C588 /* Products */;
			projectDirPath = "";
			projectRoot = "";
			targets = (
				84ED76A723992F180034C588 /* VKMessenger */,
			);
		};
/* End PBXProject section */

/* Begin PBXResourcesBuildPhase section */
		84ED76A623992F180034C588 /* Resources */ = {
			isa = PBXResourcesBuildPhase;
			buildActionMask = 2147483647;
			files = (
				8490F80123F2F188008B6CC4 /* .gitignore in Resources */,
				84ED76B823992F190034C588 /* LaunchScreen.storyboard in Resources */,
				84ED76B523992F190034C588 /* Assets.xcassets in Resources */,
				84ED76B323992F180034C588 /* Main.storyboard in Resources */,
			);
			runOnlyForDeploymentPostprocessing = 0;
		};
/* End PBXResourcesBuildPhase section */

/* Begin PBXShellScriptBuildPhase section */
		18453F19B075F310A6D0E7BE /* [CP] Check Pods Manifest.lock */ = {
			isa = PBXShellScriptBuildPhase;
			buildActionMask = 2147483647;
			files = (
			);
			inputFileListPaths = (
			);
			inputPaths = (
				"${PODS_PODFILE_DIR_PATH}/Podfile.lock",
				"${PODS_ROOT}/Manifest.lock",
			);
			name = "[CP] Check Pods Manifest.lock";
			outputFileListPaths = (
			);
			outputPaths = (
				"$(DERIVED_FILE_DIR)/Pods-VKMessenger-checkManifestLockResult.txt",
			);
			runOnlyForDeploymentPostprocessing = 0;
			shellPath = /bin/sh;
			shellScript = "diff \"${PODS_PODFILE_DIR_PATH}/Podfile.lock\" \"${PODS_ROOT}/Manifest.lock\" > /dev/null\nif [ $? != 0 ] ; then\n    # print error to STDERR\n    echo \"error: The sandbox is not in sync with the Podfile.lock. Run 'pod install' or update your CocoaPods installation.\" >&2\n    exit 1\nfi\n# This output is used by Xcode 'outputs' to avoid re-running this script phase.\necho \"SUCCESS\" > \"${SCRIPT_OUTPUT_FILE_0}\"\n";
			showEnvVarsInLog = 0;
		};
		84573BD6243626BB00A786CA /* ShellScript */ = {
			isa = PBXShellScriptBuildPhase;
			buildActionMask = 2147483647;
			files = (
			);
			inputFileListPaths = (
			);
			inputPaths = (
				"$TEMP_DIR/rswift-lastrun",
			);
			outputFileListPaths = (
			);
			outputPaths = (
				$SRCROOT/R.generated.swift,
			);
			runOnlyForDeploymentPostprocessing = 0;
			shellPath = /bin/sh;
			shellScript = "# Type a script or drag a script file from your workspace to insert its path.\n\"$PODS_ROOT/R.swift/rswift\" generate \"$SRCROOT/R.generated.swift\"\n";
		};
		ECCB8F8D53A05C63BE07E730 /* [CP] Embed Pods Frameworks */ = {
			isa = PBXShellScriptBuildPhase;
			buildActionMask = 2147483647;
			files = (
			);
			inputFileListPaths = (
				"${PODS_ROOT}/Target Support Files/Pods-VKMessenger/Pods-VKMessenger-frameworks-${CONFIGURATION}-input-files.xcfilelist",
			);
			name = "[CP] Embed Pods Frameworks";
			outputFileListPaths = (
				"${PODS_ROOT}/Target Support Files/Pods-VKMessenger/Pods-VKMessenger-frameworks-${CONFIGURATION}-output-files.xcfilelist",
			);
			runOnlyForDeploymentPostprocessing = 0;
			shellPath = /bin/sh;
			shellScript = "\"${PODS_ROOT}/Target Support Files/Pods-VKMessenger/Pods-VKMessenger-frameworks.sh\"\n";
			showEnvVarsInLog = 0;
		};
/* End PBXShellScriptBuildPhase section */

/* Begin PBXSourcesBuildPhase section */
		84ED76A423992F180034C588 /* Sources */ = {
			isa = PBXSourcesBuildPhase;
			buildActionMask = 2147483647;
			files = (
				8490F80323F30BFF008B6CC4 /* VKDelegate.swift in Sources */,
				8465AF3023E17EE9006D4B63 /* FriendViewModel.swift in Sources */,
				8465AF2A23E16235006D4B63 /* VKSDKService.swift in Sources */,
				848D9C10240D1C3D0089C3A1 /* FriendProfileViewController.swift in Sources */,
				84ED76C7239957A50034C588 /* FriendsViewController.swift in Sources */,
				8465AF2C23E17876006D4B63 /* UserModel.swift in Sources */,
				84492377241A6127000BE4DF /* User.xcdatamodeld in Sources */,
				84883896241156D500F4B128 /* FavoritesFriendsViewController.swift in Sources */,
				84573BD8243627BA00A786CA /* R.generated.swift in Sources */,
				8465AF2E23E178CD006D4B63 /* ProfileViewModel.swift in Sources */,
				8465AF2723E16161006D4B63 /* RootViewController.swift in Sources */,
				84F1FA772421167B004B1759 /* User+CoreDataProperties.swift in Sources */,
				844F95CA241937B500C146D2 /* FavoritesFriendsViewModel.swift in Sources */,
				84ED76C9239957BB0034C588 /* ProfileViewController.swift in Sources */,
				844F95CC2419394400C146D2 /* FriendProfileViewModel.swift in Sources */,
				84F1FA782421167B004B1759 /* User+CoreDataClass.swift in Sources */,
				84883898241158F300F4B128 /* FavoritesTableViewCell.swift in Sources */,
				8465AF3223E1A2E3006D4B63 /* FriendTableViewCell.swift in Sources */,
				84ED76B023992F180034C588 /* LoginViewController.swift in Sources */,
				848BC54924094C7B00A318D2 /* NetworkServiceForUser.swift in Sources */,
				84ED76AC23992F180034C588 /* AppDelegate.swift in Sources */,
			);
			runOnlyForDeploymentPostprocessing = 0;
		};
/* End PBXSourcesBuildPhase section */

/* Begin PBXVariantGroup section */
		84ED76B123992F180034C588 /* Main.storyboard */ = {
			isa = PBXVariantGroup;
			children = (
				84ED76B223992F180034C588 /* Base */,
			);
			name = Main.storyboard;
			sourceTree = "<group>";
		};
		84ED76B623992F190034C588 /* LaunchScreen.storyboard */ = {
			isa = PBXVariantGroup;
			children = (
				84ED76B723992F190034C588 /* Base */,
			);
			name = LaunchScreen.storyboard;
			sourceTree = "<group>";
		};
/* End PBXVariantGroup section */

/* Begin XCBuildConfiguration section */
		84ED76BA23992F190034C588 /* Debug */ = {
			isa = XCBuildConfiguration;
			buildSettings = {
				ALWAYS_SEARCH_USER_PATHS = NO;
				CLANG_ANALYZER_NONNULL = YES;
				CLANG_ANALYZER_NUMBER_OBJECT_CONVERSION = YES_AGGRESSIVE;
				CLANG_CXX_LANGUAGE_STANDARD = "gnu++14";
				CLANG_CXX_LIBRARY = "libc++";
				CLANG_ENABLE_MODULES = YES;
				CLANG_ENABLE_OBJC_ARC = YES;
				CLANG_ENABLE_OBJC_WEAK = YES;
				CLANG_WARN_BLOCK_CAPTURE_AUTORELEASING = YES;
				CLANG_WARN_BOOL_CONVERSION = YES;
				CLANG_WARN_COMMA = YES;
				CLANG_WARN_CONSTANT_CONVERSION = YES;
				CLANG_WARN_DEPRECATED_OBJC_IMPLEMENTATIONS = YES;
				CLANG_WARN_DIRECT_OBJC_ISA_USAGE = YES_ERROR;
				CLANG_WARN_DOCUMENTATION_COMMENTS = YES;
				CLANG_WARN_EMPTY_BODY = YES;
				CLANG_WARN_ENUM_CONVERSION = YES;
				CLANG_WARN_INFINITE_RECURSION = YES;
				CLANG_WARN_INT_CONVERSION = YES;
				CLANG_WARN_NON_LITERAL_NULL_CONVERSION = YES;
				CLANG_WARN_OBJC_IMPLICIT_RETAIN_SELF = YES;
				CLANG_WARN_OBJC_LITERAL_CONVERSION = YES;
				CLANG_WARN_OBJC_ROOT_CLASS = YES_ERROR;
				CLANG_WARN_RANGE_LOOP_ANALYSIS = YES;
				CLANG_WARN_STRICT_PROTOTYPES = YES;
				CLANG_WARN_SUSPICIOUS_MOVE = YES;
				CLANG_WARN_UNGUARDED_AVAILABILITY = YES_AGGRESSIVE;
				CLANG_WARN_UNREACHABLE_CODE = YES;
				CLANG_WARN__DUPLICATE_METHOD_MATCH = YES;
				COPY_PHASE_STRIP = NO;
				DEBUG_INFORMATION_FORMAT = dwarf;
				ENABLE_STRICT_OBJC_MSGSEND = YES;
				ENABLE_TESTABILITY = YES;
				GCC_C_LANGUAGE_STANDARD = gnu11;
				GCC_DYNAMIC_NO_PIC = NO;
				GCC_NO_COMMON_BLOCKS = YES;
				GCC_OPTIMIZATION_LEVEL = 0;
				GCC_PREPROCESSOR_DEFINITIONS = (
					"DEBUG=1",
					"$(inherited)",
				);
				GCC_WARN_64_TO_32_BIT_CONVERSION = YES;
				GCC_WARN_ABOUT_RETURN_TYPE = YES_ERROR;
				GCC_WARN_UNDECLARED_SELECTOR = YES;
				GCC_WARN_UNINITIALIZED_AUTOS = YES_AGGRESSIVE;
				GCC_WARN_UNUSED_FUNCTION = YES;
				GCC_WARN_UNUSED_VARIABLE = YES;
				IPHONEOS_DEPLOYMENT_TARGET = 13.2;
				MTL_ENABLE_DEBUG_INFO = INCLUDE_SOURCE;
				MTL_FAST_MATH = YES;
				ONLY_ACTIVE_ARCH = YES;
				SDKROOT = iphoneos;
				SWIFT_ACTIVE_COMPILATION_CONDITIONS = DEBUG;
				SWIFT_OPTIMIZATION_LEVEL = "-Onone";
			};
			name = Debug;
		};
		84ED76BB23992F190034C588 /* Release */ = {
			isa = XCBuildConfiguration;
			buildSettings = {
				ALWAYS_SEARCH_USER_PATHS = NO;
				CLANG_ANALYZER_NONNULL = YES;
				CLANG_ANALYZER_NUMBER_OBJECT_CONVERSION = YES_AGGRESSIVE;
				CLANG_CXX_LANGUAGE_STANDARD = "gnu++14";
				CLANG_CXX_LIBRARY = "libc++";
				CLANG_ENABLE_MODULES = YES;
				CLANG_ENABLE_OBJC_ARC = YES;
				CLANG_ENABLE_OBJC_WEAK = YES;
				CLANG_WARN_BLOCK_CAPTURE_AUTORELEASING = YES;
				CLANG_WARN_BOOL_CONVERSION = YES;
				CLANG_WARN_COMMA = YES;
				CLANG_WARN_CONSTANT_CONVERSION = YES;
				CLANG_WARN_DEPRECATED_OBJC_IMPLEMENTATIONS = YES;
				CLANG_WARN_DIRECT_OBJC_ISA_USAGE = YES_ERROR;
				CLANG_WARN_DOCUMENTATION_COMMENTS = YES;
				CLANG_WARN_EMPTY_BODY = YES;
				CLANG_WARN_ENUM_CONVERSION = YES;
				CLANG_WARN_INFINITE_RECURSION = YES;
				CLANG_WARN_INT_CONVERSION = YES;
				CLANG_WARN_NON_LITERAL_NULL_CONVERSION = YES;
				CLANG_WARN_OBJC_IMPLICIT_RETAIN_SELF = YES;
				CLANG_WARN_OBJC_LITERAL_CONVERSION = YES;
				CLANG_WARN_OBJC_ROOT_CLASS = YES_ERROR;
				CLANG_WARN_RANGE_LOOP_ANALYSIS = YES;
				CLANG_WARN_STRICT_PROTOTYPES = YES;
				CLANG_WARN_SUSPICIOUS_MOVE = YES;
				CLANG_WARN_UNGUARDED_AVAILABILITY = YES_AGGRESSIVE;
				CLANG_WARN_UNREACHABLE_CODE = YES;
				CLANG_WARN__DUPLICATE_METHOD_MATCH = YES;
				COPY_PHASE_STRIP = NO;
				DEBUG_INFORMATION_FORMAT = "dwarf-with-dsym";
				ENABLE_NS_ASSERTIONS = NO;
				ENABLE_STRICT_OBJC_MSGSEND = YES;
				GCC_C_LANGUAGE_STANDARD = gnu11;
				GCC_NO_COMMON_BLOCKS = YES;
				GCC_WARN_64_TO_32_BIT_CONVERSION = YES;
				GCC_WARN_ABOUT_RETURN_TYPE = YES_ERROR;
				GCC_WARN_UNDECLARED_SELECTOR = YES;
				GCC_WARN_UNINITIALIZED_AUTOS = YES_AGGRESSIVE;
				GCC_WARN_UNUSED_FUNCTION = YES;
				GCC_WARN_UNUSED_VARIABLE = YES;
				IPHONEOS_DEPLOYMENT_TARGET = 13.2;
				MTL_ENABLE_DEBUG_INFO = NO;
				MTL_FAST_MATH = YES;
				SDKROOT = iphoneos;
				SWIFT_COMPILATION_MODE = wholemodule;
				SWIFT_OPTIMIZATION_LEVEL = "-O";
				VALIDATE_PRODUCT = YES;
			};
			name = Release;
		};
		84ED76BD23992F190034C588 /* Debug */ = {
			isa = XCBuildConfiguration;
			baseConfigurationReference = 766196FF4A5BBEE91C3A0B90 /* Pods-VKMessenger.debug.xcconfig */;
			buildSettings = {
				ASSETCATALOG_COMPILER_APPICON_NAME = AppIcon;
				CODE_SIGN_STYLE = Manual;
				DEVELOPMENT_TEAM = "";
				INFOPLIST_FILE = VKMessenger/Info.plist;
				IPHONEOS_DEPLOYMENT_TARGET = 12.0;
				LD_RUNPATH_SEARCH_PATHS = (
					"$(inherited)",
					"@executable_path/Frameworks",
				);
				PRODUCT_BUNDLE_IDENTIFIER = test.VKMessenger;
				PRODUCT_NAME = "$(TARGET_NAME)";
				PROVISIONING_PROFILE_SPECIFIER = "";
				SWIFT_VERSION = 5.0;
				TARGETED_DEVICE_FAMILY = "1,2";
			};
			name = Debug;
		};
		84ED76BE23992F190034C588 /* Release */ = {
			isa = XCBuildConfiguration;
			baseConfigurationReference = B4690FA0B73F5136900591F5 /* Pods-VKMessenger.release.xcconfig */;
			buildSettings = {
				ASSETCATALOG_COMPILER_APPICON_NAME = AppIcon;
				CODE_SIGN_STYLE = Manual;
				DEVELOPMENT_TEAM = "";
				INFOPLIST_FILE = VKMessenger/Info.plist;
				IPHONEOS_DEPLOYMENT_TARGET = 12.0;
				LD_RUNPATH_SEARCH_PATHS = (
					"$(inherited)",
					"@executable_path/Frameworks",
				);
				PRODUCT_BUNDLE_IDENTIFIER = test.VKMessenger;
				PRODUCT_NAME = "$(TARGET_NAME)";
				PROVISIONING_PROFILE_SPECIFIER = "";
				SWIFT_VERSION = 5.0;
				TARGETED_DEVICE_FAMILY = "1,2";
			};
			name = Release;
		};
/* End XCBuildConfiguration section */

/* Begin XCConfigurationList section */
		84ED76A323992F180034C588 /* Build configuration list for PBXProject "VKMessenger" */ = {
			isa = XCConfigurationList;
			buildConfigurations = (
				84ED76BA23992F190034C588 /* Debug */,
				84ED76BB23992F190034C588 /* Release */,
			);
			defaultConfigurationIsVisible = 0;
			defaultConfigurationName = Release;
		};
		84ED76BC23992F190034C588 /* Build configuration list for PBXNativeTarget "VKMessenger" */ = {
			isa = XCConfigurationList;
			buildConfigurations = (
				84ED76BD23992F190034C588 /* Debug */,
				84ED76BE23992F190034C588 /* Release */,
			);
			defaultConfigurationIsVisible = 0;
			defaultConfigurationName = Release;
		};
/* End XCConfigurationList section */

/* Begin XCVersionGroup section */
		84492375241A6127000BE4DF /* User.xcdatamodeld */ = {
			isa = XCVersionGroup;
			children = (
				84492376241A6127000BE4DF /* User.xcdatamodel */,
			);
			currentVersion = 84492376241A6127000BE4DF /* User.xcdatamodel */;
			path = User.xcdatamodeld;
			sourceTree = "<group>";
			versionGroupType = wrapper.xcdatamodel;
		};
/* End XCVersionGroup section */
	};
	rootObject = 84ED76A023992F180034C588 /* Project object */;
}
